// !$*UTF8*$!
{
	archiveVersion = 1;
	classes = {
	};
	objectVersion = 46;
	objects = {

/* Begin PBXBuildFile section */
		FB039A18166721E800AC0E26 /* UIKit.framework in Frameworks */ = {isa = PBXBuildFile; fileRef = FB039A17166721E800AC0E26 /* UIKit.framework */; };
		FB039A1A166721E800AC0E26 /* Foundation.framework in Frameworks */ = {isa = PBXBuildFile; fileRef = FB039A19166721E800AC0E26 /* Foundation.framework */; };
		FB039A1C166721E800AC0E26 /* CoreGraphics.framework in Frameworks */ = {isa = PBXBuildFile; fileRef = FB039A1B166721E800AC0E26 /* CoreGraphics.framework */; };
		FB039A22166721E800AC0E26 /* InfoPlist.strings in Resources */ = {isa = PBXBuildFile; fileRef = FB039A20166721E800AC0E26 /* InfoPlist.strings */; };
		FB039A25166721E800AC0E26 /* main.m in Sources */ = {isa = PBXBuildFile; fileRef = FB039A24166721E800AC0E26 /* main.m */; };
		FB039A28166721E800AC0E26 /* RouteMapWebViewAppDelegate.m in Sources */ = {isa = PBXBuildFile; fileRef = FB039A27166721E800AC0E26 /* RouteMapWebViewAppDelegate.m */; };
		FB039A2B166721E800AC0E26 /* MainWindow.xib in Resources */ = {isa = PBXBuildFile; fileRef = FB039A29166721E800AC0E26 /* MainWindow.xib */; };
		FB039A2E166721E800AC0E26 /* RouteMapWebViewViewController.m in Sources */ = {isa = PBXBuildFile; fileRef = FB039A2D166721E800AC0E26 /* RouteMapWebViewViewController.m */; };
		FB039A31166721E800AC0E26 /* RouteMapWebViewViewController.xib in Resources */ = {isa = PBXBuildFile; fileRef = FB039A2F166721E800AC0E26 /* RouteMapWebViewViewController.xib */; };
/* End PBXBuildFile section */

/* Begin PBXFileReference section */
		FB039A13166721E800AC0E26 /* RouteMapWebView.app */ = {isa = PBXFileReference; explicitFileType = wrapper.application; includeInIndex = 0; path = RouteMapWebView.app; sourceTree = BUILT_PRODUCTS_DIR; };
		FB039A17166721E800AC0E26 /* UIKit.framework */ = {isa = PBXFileReference; lastKnownFileType = wrapper.framework; name = UIKit.framework; path = System/Library/Frameworks/UIKit.framework; sourceTree = SDKROOT; };
		FB039A19166721E800AC0E26 /* Foundation.framework */ = {isa = PBXFileReference; lastKnownFileType = wrapper.framework; name = Foundation.framework; path = System/Library/Frameworks/Foundation.framework; sourceTree = SDKROOT; };
		FB039A1B166721E800AC0E26 /* CoreGraphics.framework */ = {isa = PBXFileReference; lastKnownFileType = wrapper.framework; name = CoreGraphics.framework; path = System/Library/Frameworks/CoreGraphics.framework; sourceTree = SDKROOT; };
		FB039A1F166721E800AC0E26 /* RouteMapWebView-Info.plist */ = {isa = PBXFileReference; lastKnownFileType = text.plist.xml; path = "RouteMapWebView-Info.plist"; sourceTree = "<group>"; };
		FB039A21166721E800AC0E26 /* en */ = {isa = PBXFileReference; lastKnownFileType = text.plist.strings; name = en; path = en.lproj/InfoPlist.strings; sourceTree = "<group>"; };
		FB039A23166721E800AC0E26 /* RouteMapWebView-Prefix.pch */ = {isa = PBXFileReference; lastKnownFileType = sourcecode.c.h; path = "RouteMapWebView-Prefix.pch"; sourceTree = "<group>"; };
		FB039A24166721E800AC0E26 /* main.m */ = {isa = PBXFileReference; lastKnownFileType = sourcecode.c.objc; path = main.m; sourceTree = "<group>"; };
		FB039A26166721E800AC0E26 /* RouteMapWebViewAppDelegate.h */ = {isa = PBXFileReference; lastKnownFileType = sourcecode.c.h; path = RouteMapWebViewAppDelegate.h; sourceTree = "<group>"; };
		FB039A27166721E800AC0E26 /* RouteMapWebViewAppDelegate.m */ = {isa = PBXFileReference; lastKnownFileType = sourcecode.c.objc; path = RouteMapWebViewAppDelegate.m; sourceTree = "<group>"; };
		FB039A2A166721E800AC0E26 /* en */ = {isa = PBXFileReference; lastKnownFileType = file.xib; name = en; path = en.lproj/MainWindow.xib; sourceTree = "<group>"; };
		FB039A2C166721E800AC0E26 /* RouteMapWebViewViewController.h */ = {isa = PBXFileReference; lastKnownFileType = sourcecode.c.h; path = RouteMapWebViewViewController.h; sourceTree = "<group>"; };
		FB039A2D166721E800AC0E26 /* RouteMapWebViewViewController.m */ = {isa = PBXFileReference; lastKnownFileType = sourcecode.c.objc; path = RouteMapWebViewViewController.m; sourceTree = "<group>"; };
		FB039A30166721E800AC0E26 /* en */ = {isa = PBXFileReference; lastKnownFileType = file.xib; name = en; path = en.lproj/RouteMapWebViewViewController.xib; sourceTree = "<group>"; };
/* End PBXFileReference section */

/* Begin PBXFrameworksBuildPhase section */
		FB039A10166721E800AC0E26 /* Frameworks */ = {
			isa = PBXFrameworksBuildPhase;
			buildActionMask = 2147483647;
			files = (
				FB039A18166721E800AC0E26 /* UIKit.framework in Frameworks */,
				FB039A1A166721E800AC0E26 /* Foundation.framework in Frameworks */,
				FB039A1C166721E800AC0E26 /* CoreGraphics.framework in Frameworks */,
			);
			runOnlyForDeploymentPostprocessing = 0;
		};
/* End PBXFrameworksBuildPhase section */

/* Begin PBXGroup section */
		FB039A08166721E800AC0E26 = {
			isa = PBXGroup;
			children = (
				FB039A1D166721E800AC0E26 /* RouteMapWebView */,
				FB039A16166721E800AC0E26 /* Frameworks */,
				FB039A14166721E800AC0E26 /* Products */,
			);
			sourceTree = "<group>";
		};
		FB039A14166721E800AC0E26 /* Products */ = {
			isa = PBXGroup;
			children = (
				FB039A13166721E800AC0E26 /* RouteMapWebView.app */,
			);
			name = Products;
			sourceTree = "<group>";
		};
		FB039A16166721E800AC0E26 /* Frameworks */ = {
			isa = PBXGroup;
			children = (
				FB039A17166721E800AC0E26 /* UIKit.framework */,
				FB039A19166721E800AC0E26 /* Foundation.framework */,
				FB039A1B166721E800AC0E26 /* CoreGraphics.framework */,
			);
			name = Frameworks;
			sourceTree = "<group>";
		};
		FB039A1D166721E800AC0E26 /* RouteMapWebView */ = {
			isa = PBXGroup;
			children = (
				FB039A26166721E800AC0E26 /* RouteMapWebViewAppDelegate.h */,
				FB039A27166721E800AC0E26 /* RouteMapWebViewAppDelegate.m */,
				FB039A29166721E800AC0E26 /* MainWindow.xib */,
				FB039A2C166721E800AC0E26 /* RouteMapWebViewViewController.h */,
				FB039A2D166721E800AC0E26 /* RouteMapWebViewViewController.m */,
				FB039A2F166721E800AC0E26 /* RouteMapWebViewViewController.xib */,
				FB039A1E166721E800AC0E26 /* Supporting Files */,
			);
			path = RouteMapWebView;
			sourceTree = "<group>";
		};
		FB039A1E166721E800AC0E26 /* Supporting Files */ = {
			isa = PBXGroup;
			children = (
				FB039A1F166721E800AC0E26 /* RouteMapWebView-Info.plist */,
				FB039A20166721E800AC0E26 /* InfoPlist.strings */,
				FB039A23166721E800AC0E26 /* RouteMapWebView-Prefix.pch */,
				FB039A24166721E800AC0E26 /* main.m */,
			);
			name = "Supporting Files";
			sourceTree = "<group>";
		};
/* End PBXGroup section */

/* Begin PBXNativeTarget section */
		FB039A12166721E800AC0E26 /* RouteMapWebView */ = {
			isa = PBXNativeTarget;
			buildConfigurationList = FB039A34166721E800AC0E26 /* Build configuration list for PBXNativeTarget "RouteMapWebView" */;
			buildPhases = (
				FB039A0F166721E800AC0E26 /* Sources */,
				FB039A10166721E800AC0E26 /* Frameworks */,
				FB039A11166721E800AC0E26 /* Resources */,
			);
			buildRules = (
			);
			dependencies = (
			);
			name = RouteMapWebView;
			productName = RouteMapWebView;
			productReference = FB039A13166721E800AC0E26 /* RouteMapWebView.app */;
			productType = "com.apple.product-type.application";
		};
/* End PBXNativeTarget section */

/* Begin PBXProject section */
		FB039A0A166721E800AC0E26 /* Project object */ = {
			isa = PBXProject;
			buildConfigurationList = FB039A0D166721E800AC0E26 /* Build configuration list for PBXProject "RouteMapWebView" */;
			compatibilityVersion = "Xcode 3.2";
			developmentRegion = English;
			hasScannedForEncodings = 0;
			knownRegions = (
				en,
			);
			mainGroup = FB039A08166721E800AC0E26;
			productRefGroup = FB039A14166721E800AC0E26 /* Products */;
			projectDirPath = "";
			projectRoot = "";
			targets = (
				FB039A12166721E800AC0E26 /* RouteMapWebView */,
			);
		};
/* End PBXProject section */

/* Begin PBXResourcesBuildPhase section */
		FB039A11166721E800AC0E26 /* Resources */ = {
			isa = PBXResourcesBuildPhase;
			buildActionMask = 2147483647;
			files = (
				FB039A22166721E800AC0E26 /* InfoPlist.strings in Resources */,
				FB039A2B166721E800AC0E26 /* MainWindow.xib in Resources */,
				FB039A31166721E800AC0E26 /* RouteMapWebViewViewController.xib in Resources */,
			);
			runOnlyForDeploymentPostprocessing = 0;
		};
/* End PBXResourcesBuildPhase section */

/* Begin PBXSourcesBuildPhase section */
		FB039A0F166721E800AC0E26 /* Sources */ = {
			isa = PBXSourcesBuildPhase;
			buildActionMask = 2147483647;
			files = (
				FB039A25166721E800AC0E26 /* main.m in Sources */,
				FB039A28166721E800AC0E26 /* RouteMapWebViewAppDelegate.m in Sources */,
				FB039A2E166721E800AC0E26 /* RouteMapWebViewViewController.m in Sources */,
			);
			runOnlyForDeploymentPostprocessing = 0;
		};
/* End PBXSourcesBuildPhase section */

/* Begin PBXVariantGroup section */
		FB039A20166721E800AC0E26 /* InfoPlist.strings */ = {
			isa = PBXVariantGroup;
			children = (
				FB039A21166721E800AC0E26 /* en */,
			);
			name = InfoPlist.strings;
			sourceTree = "<group>";
		};
		FB039A29166721E800AC0E26 /* MainWindow.xib */ = {
			isa = PBXVariantGroup;
			children = (
				FB039A2A166721E800AC0E26 /* en */,
			);
			name = MainWindow.xib;
			sourceTree = "<group>";
		};
		FB039A2F166721E800AC0E26 /* RouteMapWebViewViewController.xib */ = {
			isa = PBXVariantGroup;
			children = (
				FB039A30166721E800AC0E26 /* en */,
			);
			name = RouteMapWebViewViewController.xib;
			sourceTree = "<group>";
		};
/* End PBXVariantGroup section */

/* Begin XCBuildConfiguration section */
		FB039A32166721E800AC0E26 /* Debug */ = {
			isa = XCBuildConfiguration;
			buildSettings = {
				ARCHS = "$(ARCHS_STANDARD_32_BIT)";
				"CODE_SIGN_IDENTITY[sdk=iphoneos*]" = "iPhone Developer";
				GCC_C_LANGUAGE_STANDARD = gnu99;
				GCC_OPTIMIZATION_LEVEL = 0;
				GCC_PREPROCESSOR_DEFINITIONS = DEBUG;
				GCC_SYMBOLS_PRIVATE_EXTERN = NO;
				GCC_VERSION = com.apple.compilers.llvmgcc42;
				GCC_WARN_ABOUT_RETURN_TYPE = YES;
				GCC_WARN_UNUSED_VARIABLE = YES;
				IPHONEOS_DEPLOYMENT_TARGET = 4.3;
				SDKROOT = iphoneos;
			};
			name = Debug;
		};
		FB039A33166721E800AC0E26 /* Release */ = {
			isa = XCBuildConfiguration;
			buildSettings = {
				ARCHS = "$(ARCHS_STANDARD_32_BIT)";
				"CODE_SIGN_IDENTITY[sdk=iphoneos*]" = "iPhone Developer";
				GCC_C_LANGUAGE_STANDARD = gnu99;
				GCC_VERSION = com.apple.compilers.llvmgcc42;
				GCC_WARN_ABOUT_RETURN_TYPE = YES;
				GCC_WARN_UNUSED_VARIABLE = YES;
				IPHONEOS_DEPLOYMENT_TARGET = 4.3;
				OTHER_CFLAGS = "-DNS_BLOCK_ASSERTIONS=1";
				SDKROOT = iphoneos;
			};
			name = Release;
		};
		FB039A35166721E800AC0E26 /* Debug */ = {
			isa = XCBuildConfiguration;
			buildSettings = {
				ALWAYS_SEARCH_USER_PATHS = NO;
				COPY_PHASE_STRIP = NO;
				GCC_DYNAMIC_NO_PIC = NO;
				GCC_PRECOMPILE_PREFIX_HEADER = YES;
				GCC_PREFIX_HEADER = "RouteMapWebView/RouteMapWebView-Prefix.pch";
				INFOPLIST_FILE = "RouteMapWebView/RouteMapWebView-Info.plist";
				PRODUCT_NAME = "$(TARGET_NAME)";
				WRAPPER_EXTENSION = app;
			};
			name = Debug;
		};
		FB039A36166721E800AC0E26 /* Release */ = {
			isa = XCBuildConfiguration;
			buildSettings = {
				ALWAYS_SEARCH_USER_PATHS = NO;
				COPY_PHASE_STRIP = YES;
				GCC_PRECOMPILE_PREFIX_HEADER = YES;
				GCC_PREFIX_HEADER = "RouteMapWebView/RouteMapWebView-Prefix.pch";
				INFOPLIST_FILE = "RouteMapWebView/RouteMapWebView-Info.plist";
				PRODUCT_NAME = "$(TARGET_NAME)";
				VALIDATE_PRODUCT = YES;
				WRAPPER_EXTENSION = app;
			};
			name = Release;
		};
/* End XCBuildConfiguration section */

/* Begin XCConfigurationList section */
		FB039A0D166721E800AC0E26 /* Build configuration list for PBXProject "RouteMapWebView" */ = {
			isa = XCConfigurationList;
			buildConfigurations = (
				FB039A32166721E800AC0E26 /* Debug */,
				FB039A33166721E800AC0E26 /* Release */,
			);
			defaultConfigurationIsVisible = 0;
			defaultConfigurationName = Release;
		};
		FB039A34166721E800AC0E26 /* Build configuration list for PBXNativeTarget "RouteMapWebView" */ = {
			isa = XCConfigurationList;
			buildConfigurations = (
				FB039A35166721E800AC0E26 /* Debug */,
				FB039A36166721E800AC0E26 /* Release */,
			);
			defaultConfigurationIsVisible = 0;
		};
/* End XCConfigurationList section */
	};
	rootObject = FB039A0A166721E800AC0E26 /* Project object */;
}
